---
Performance/MethodObjectAsBlock:
  Exclude:
    - 'lib/gitlab/ci/pipeline/chain/validate/external.rb'
    - 'lib/gitlab/search_context.rb'
    - 'lib/gitlab/sidekiq_queue.rb'
    - 'lib/gitlab/uploads/migration_helper.rb'
    - 'spec/graphql/resolvers/concerns/caching_array_resolver_spec.rb'
    - 'spec/lib/api/entities/merge_request_basic_spec.rb'
    - 'spec/lib/gitlab/import_export/import_test_coverage_spec.rb'
    - 'spec/lib/gitlab/search_context/builder_spec.rb'
    - 'spec/models/design_management/version_spec.rb'
    - 'spec/support/helpers/migrations_helpers.rb'
    - 'spec/support/shared_examples/models/active_record_enum_shared_examples.rb'
    - 'spec/support_specs/helpers/stub_feature_flags_spec.rb'
